
Microsoft Visual Studio Solution File, Format Version 12.00
# Visual Studio Version 17
VisualStudioVersion = 17.0.31903.59
MinimumVisualStudioVersion = 10.0.40219.1
Project("{FAE04EC0-301F-11D3-BF4B-00C04F79EFBC}") = "Backend_ORM.Core", "Backend_ORM.Core\Backend_ORM.Core.csproj", "{758AB4CF-BE85-4779-B1B7-4A62F2032F87}"
EndProject
Project("{FAE04EC0-301F-11D3-BF4B-00C04F79EFBC}") = "Backend_ORM.Infrastructure", "Backend_ORM.Infrastructure\Backend_ORM.Infrastructure.csproj", "{720B1D7B-D115-4846-AF98-90DB9BC919E3}"
EndProject
Project("{FAE04EC0-301F-11D3-BF4B-00C04F79EFBC}") = "Backend_ORM.Services", "Backend_ORM.Services\Backend_ORM.Services.csproj", "{6378A29F-3867-4266-828D-90E018ABE1B6}"
EndProject
Project("{FAE04EC0-301F-11D3-BF4B-00C04F79EFBC}") = "Backend_ORM.API", "Backend_ORM.API\Backend_ORM.API.csproj", "{C62B750F-6E7E-4785-8360-7B4C6570A624}"
EndProject
Global
	GlobalSection(SolutionConfigurationPlatforms) = preSolution
		Debug|Any CPU = Debug|Any CPU
		Debug|x64 = Debug|x64
		Debug|x86 = Debug|x86
		Release|Any CPU = Release|Any CPU
		Release|x64 = Release|x64
		Release|x86 = Release|x86
	EndGlobalSection
	GlobalSection(ProjectConfigurationPlatforms) = postSolution
		{758AB4CF-BE85-4779-B1B7-4A62F2032F87}.Debug|Any CPU.ActiveCfg = Debug|Any CPU
		{758AB4CF-BE85-4779-B1B7-4A62F2032F87}.Debug|Any CPU.Build.0 = Debug|Any CPU
		{758AB4CF-BE85-4779-B1B7-4A62F2032F87}.Debug|x64.ActiveCfg = Debug|Any CPU
		{758AB4CF-BE85-4779-B1B7-4A62F2032F87}.Debug|x64.Build.0 = Debug|Any CPU
		{758AB4CF-BE85-4779-B1B7-4A62F2032F87}.Debug|x86.ActiveCfg = Debug|Any CPU
		{758AB4CF-BE85-4779-B1B7-4A62F2032F87}.Debug|x86.Build.0 = Debug|Any CPU
		{758AB4CF-BE85-4779-B1B7-4A62F2032F87}.Release|Any CPU.ActiveCfg = Release|Any CPU
		{758AB4CF-BE85-4779-B1B7-4A62F2032F87}.Release|Any CPU.Build.0 = Release|Any CPU
		{758AB4CF-BE85-4779-B1B7-4A62F2032F87}.Release|x64.ActiveCfg = Release|Any CPU
		{758AB4CF-BE85-4779-B1B7-4A62F2032F87}.Release|x64.Build.0 = Release|Any CPU
		{758AB4CF-BE85-4779-B1B7-4A62F2032F87}.Release|x86.ActiveCfg = Release|Any CPU
		{758AB4CF-BE85-4779-B1B7-4A62F2032F87}.Release|x86.Build.0 = Release|Any CPU
		{720B1D7B-D115-4846-AF98-90DB9BC919E3}.Debug|Any CPU.ActiveCfg = Debug|Any CPU
		{720B1D7B-D115-4846-AF98-90DB9BC919E3}.Debug|Any CPU.Build.0 = Debug|Any CPU
		{720B1D7B-D115-4846-AF98-90DB9BC919E3}.Debug|x64.ActiveCfg = Debug|Any CPU
		{720B1D7B-D115-4846-AF98-90DB9BC919E3}.Debug|x64.Build.0 = Debug|Any CPU
		{720B1D7B-D115-4846-AF98-90DB9BC919E3}.Debug|x86.ActiveCfg = Debug|Any CPU
		{720B1D7B-D115-4846-AF98-90DB9BC919E3}.Debug|x86.Build.0 = Debug|Any CPU
		{720B1D7B-D115-4846-AF98-90DB9BC919E3}.Release|Any CPU.ActiveCfg = Release|Any CPU
		{720B1D7B-D115-4846-AF98-90DB9BC919E3}.Release|Any CPU.Build.0 = Release|Any CPU
		{720B1D7B-D115-4846-AF98-90DB9BC919E3}.Release|x64.ActiveCfg = Release|Any CPU
		{720B1D7B-D115-4846-AF98-90DB9BC919E3}.Release|x64.Build.0 = Release|Any CPU
		{720B1D7B-D115-4846-AF98-90DB9BC919E3}.Release|x86.ActiveCfg = Release|Any CPU
		{720B1D7B-D115-4846-AF98-90DB9BC919E3}.Release|x86.Build.0 = Release|Any CPU
		{6378A29F-3867-4266-828D-90E018ABE1B6}.Debug|Any CPU.ActiveCfg = Debug|Any CPU
		{6378A29F-3867-4266-828D-90E018ABE1B6}.Debug|Any CPU.Build.0 = Debug|Any CPU
		{6378A29F-3867-4266-828D-90E018ABE1B6}.Debug|x64.ActiveCfg = Debug|Any CPU
		{6378A29F-3867-4266-828D-90E018ABE1B6}.Debug|x64.Build.0 = Debug|Any CPU
		{6378A29F-3867-4266-828D-90E018ABE1B6}.Debug|x86.ActiveCfg = Debug|Any CPU
		{6378A29F-3867-4266-828D-90E018ABE1B6}.Debug|x86.Build.0 = Debug|Any CPU
		{6378A29F-3867-4266-828D-90E018ABE1B6}.Release|Any CPU.ActiveCfg = Release|Any CPU
		{6378A29F-3867-4266-828D-90E018ABE1B6}.Release|Any CPU.Build.0 = Release|Any CPU
		{6378A29F-3867-4266-828D-90E018ABE1B6}.Release|x64.ActiveCfg = Release|Any CPU
		{6378A29F-3867-4266-828D-90E018ABE1B6}.Release|x64.Build.0 = Release|Any CPU
		{6378A29F-3867-4266-828D-90E018ABE1B6}.Release|x86.ActiveCfg = Release|Any CPU
		{6378A29F-3867-4266-828D-90E018ABE1B6}.Release|x86.Build.0 = Release|Any CPU
		{C62B750F-6E7E-4785-8360-7B4C6570A624}.Debug|Any CPU.ActiveCfg = Debug|Any CPU
		{C62B750F-6E7E-4785-8360-7B4C6570A624}.Debug|Any CPU.Build.0 = Debug|Any CPU
		{C62B750F-6E7E-4785-8360-7B4C6570A624}.Debug|x64.ActiveCfg = Debug|Any CPU
		{C62B750F-6E7E-4785-8360-7B4C6570A624}.Debug|x64.Build.0 = Debug|Any CPU
		{C62B750F-6E7E-4785-8360-7B4C6570A624}.Debug|x86.ActiveCfg = Debug|Any CPU
		{C62B750F-6E7E-4785-8360-7B4C6570A624}.Debug|x86.Build.0 = Debug|Any CPU
		{C62B750F-6E7E-4785-8360-7B4C6570A624}.Release|Any CPU.ActiveCfg = Release|Any CPU
		{C62B750F-6E7E-4785-8360-7B4C6570A624}.Release|Any CPU.Build.0 = Release|Any CPU
		{C62B750F-6E7E-4785-8360-7B4C6570A624}.Release|x64.ActiveCfg = Release|Any CPU
		{C62B750F-6E7E-4785-8360-7B4C6570A624}.Release|x64.Build.0 = Release|Any CPU
		{C62B750F-6E7E-4785-8360-7B4C6570A624}.Release|x86.ActiveCfg = Release|Any CPU
		{C62B750F-6E7E-4785-8360-7B4C6570A624}.Release|x86.Build.0 = Release|Any CPU
	EndGlobalSection
	GlobalSection(SolutionProperties) = preSolution
		HideSolutionNode = FALSE
	EndGlobalSection
EndGlobal
